
Microsoft Visual Studio Solution File, Format Version 12.00
# Visual Studio Version 17
VisualStudioVersion = 17.14.37012.4 d17.14
MinimumVisualStudioVersion = 10.0.40219.1
Project("{FAE04EC0-301F-11D3-BF4B-00C04F79EFBC}") = "09-UpcastingDowncastingExplicitImplicit", "09-UpcastingDowncastingExplicitImplicit.csproj", "{2BAC325E-CD6A-4F2F-A1AA-0DF79FB2011D}"
EndProject
Global
	GlobalSection(SolutionConfigurationPlatforms) = preSolution
		Debug|Any CPU = Debug|Any CPU
		Release|Any CPU = Release|Any CPU
	EndGlobalSection
	GlobalSection(ProjectConfigurationPlatforms) = postSolution
		{2BAC325E-CD6A-4F2F-A1AA-0DF79FB2011D}.Debug|Any CPU.ActiveCfg = Debug|Any CPU
		{2BAC325E-CD6A-4F2F-A1AA-0DF79FB2011D}.Debug|Any CPU.Build.0 = Debug|Any CPU
		{2BAC325E-CD6A-4F2F-A1AA-0DF79FB2011D}.Release|Any CPU.ActiveCfg = Release|Any CPU
		{2BAC325E-CD6A-4F2F-A1AA-0DF79FB2011D}.Release|Any CPU.Build.0 = Release|Any CPU
	EndGlobalSection
	GlobalSection(SolutionProperties) = preSolution
		HideSolutionNode = FALSE
	EndGlobalSection
	GlobalSection(ExtensibilityGlobals) = postSolution
		SolutionGuid = {F676B6CA-35B9-44A3-A870-4ED048A6135A}
	EndGlobalSection
EndGlobal
