
Microsoft Visual Studio Solution File, Format Version 12.00
# Visual Studio Version 17
VisualStudioVersion = 17.14.37012.4 d17.14
MinimumVisualStudioVersion = 10.0.40219.1
Project("{FAE04EC0-301F-11D3-BF4B-00C04F79EFBC}") = "25-MVCIntro", "25-MVCIntro.csproj", "{1E7CE2A2-910A-4183-942A-F96C706F543C}"
EndProject
Global
	GlobalSection(SolutionConfigurationPlatforms) = preSolution
		Debug|Any CPU = Debug|Any CPU
		Release|Any CPU = Release|Any CPU
	EndGlobalSection
	GlobalSection(ProjectConfigurationPlatforms) = postSolution
		{1E7CE2A2-910A-4183-942A-F96C706F543C}.Debug|Any CPU.ActiveCfg = Debug|Any CPU
		{1E7CE2A2-910A-4183-942A-F96C706F543C}.Debug|Any CPU.Build.0 = Debug|Any CPU
		{1E7CE2A2-910A-4183-942A-F96C706F543C}.Release|Any CPU.ActiveCfg = Release|Any CPU
		{1E7CE2A2-910A-4183-942A-F96C706F543C}.Release|Any CPU.Build.0 = Release|Any CPU
	EndGlobalSection
	GlobalSection(SolutionProperties) = preSolution
		HideSolutionNode = FALSE
	EndGlobalSection
	GlobalSection(ExtensibilityGlobals) = postSolution
		SolutionGuid = {B160F8FB-7130-46A5-912E-AE305F9585C6}
	EndGlobalSection
EndGlobal
